github.com/SebastiaanKlippert/go-wkhtmltopdf v1.9.3 h1:vrA6+R1BMLKMTbos8jAeuBrImHPGtY4gTlcue3OIej8=
github.com/SebastiaanKlippert/go-wkhtmltopdf v1.9.3/go.mod h1:SQq4xfIdvf6WYKSDxAJc+xOJdolt+/bc1jnQKMtPMvQ=
github.com/go-telegram-bot-api/telegram-bot-api/v5 v5.5.1 h1:wG8n/XJQ07TmjbITcGiUaOtXxdrINDz1b0J1w0SzqDc=
github.com/go-telegram-bot-api/telegram-bot-api/v5 v5.5.1/go.mod h1:A2S0CWkNylc2phvKXWBBdD3K0iGnDBGbzRpISP2zBl8=
